// !$*UTF8*$!
{
	archiveVersion = 1;
	classes = {
	};
	objectVersion = 51;
	objects = {

/* Begin PBXBuildFile section */
		8566E670ED7C6B4D64491AD1 /* Pods_iOSEngineerCodeCheckTests.framework in Frameworks */ = {isa = PBXBuildFile; fileRef = 4D89F5EE8EC810398F9BF910 /* Pods_iOSEngineerCodeCheckTests.framework */; };
		9DD55DDBDFD275BFF91E2CA8 /* Pods_iOSEngineerCodeCheck_iOSEngineerCodeCheckUITests.framework in Frameworks */ = {isa = PBXBuildFile; fileRef = 2430778A082ED19707D2F665 /* Pods_iOSEngineerCodeCheck_iOSEngineerCodeCheckUITests.framework */; };
		A8EFA598287C0F0F0051D40F /* SearchRepositoryViewController.swift in Sources */ = {isa = PBXBuildFile; fileRef = A8EFA591287C0F0F0051D40F /* SearchRepositoryViewController.swift */; };
		A8EFA599287C0F0F0051D40F /* SearchRepositoryPresenter.swift in Sources */ = {isa = PBXBuildFile; fileRef = A8EFA592287C0F0F0051D40F /* SearchRepositoryPresenter.swift */; };
		A8EFA59A287C0F0F0051D40F /* Search.storyboard in Resources */ = {isa = PBXBuildFile; fileRef = A8EFA593287C0F0F0051D40F /* Search.storyboard */; };
		A8EFA59B287C0F0F0051D40F /* SearchRepositoryModel.swift in Sources */ = {isa = PBXBuildFile; fileRef = A8EFA594287C0F0F0051D40F /* SearchRepositoryModel.swift */; };
		A8EFA59C287C0F0F0051D40F /* Detail.storyboard in Resources */ = {isa = PBXBuildFile; fileRef = A8EFA596287C0F0F0051D40F /* Detail.storyboard */; };
		A8EFA59D287C0F0F0051D40F /* DetailViewController.swift in Sources */ = {isa = PBXBuildFile; fileRef = A8EFA597287C0F0F0051D40F /* DetailViewController.swift */; };
		A8EFA60C287DFD390051D40F /* ExampleJSON.swift in Sources */ = {isa = PBXBuildFile; fileRef = A8EFA60B287DFD390051D40F /* ExampleJSON.swift */; };
		A8EFA60E287DFFD70051D40F /* UserTests.swift in Sources */ = {isa = PBXBuildFile; fileRef = A8EFA60D287DFFD70051D40F /* UserTests.swift */; };
		A8EFA610287E009C0051D40F /* RepositoryTests.swift in Sources */ = {isa = PBXBuildFile; fileRef = A8EFA60F287E009C0051D40F /* RepositoryTests.swift */; };
		A8EFA614287E052F0051D40F /* SearchResponseTests.swift in Sources */ = {isa = PBXBuildFile; fileRef = A8EFA613287E052F0051D40F /* SearchResponseTests.swift */; };
		A8EFA618287E07BB0051D40F /* GitHubClientError.swift in Sources */ = {isa = PBXBuildFile; fileRef = A8EFA617287E07BB0051D40F /* GitHubClientError.swift */; };
		A8EFA61C287E083A0051D40F /* GitHubAPIErrorTests.swift in Sources */ = {isa = PBXBuildFile; fileRef = A8EFA61B287E083A0051D40F /* GitHubAPIErrorTests.swift */; };
		A8EFA61E287E09C10051D40F /* GitHubRequest.swift in Sources */ = {isa = PBXBuildFile; fileRef = A8EFA61D287E09C10051D40F /* GitHubRequest.swift */; };
		A8EFA620287E09E50051D40F /* HTTPMethod.swift in Sources */ = {isa = PBXBuildFile; fileRef = A8EFA61F287E09E50051D40F /* HTTPMethod.swift */; };
		A8EFA622287E0ADC0051D40F /* GitHubAPI.swift in Sources */ = {isa = PBXBuildFile; fileRef = A8EFA621287E0ADC0051D40F /* GitHubAPI.swift */; };
		A8EFA624287E0DBA0051D40F /* HTTPClient.swift in Sources */ = {isa = PBXBuildFile; fileRef = A8EFA623287E0DBA0051D40F /* HTTPClient.swift */; };
		A8EFA628287E103C0051D40F /* GitHubClient.swift in Sources */ = {isa = PBXBuildFile; fileRef = A8EFA627287E103C0051D40F /* GitHubClient.swift */; };
		A8EFA62E287E9F000051D40F /* GitHubAPIError.swift in Sources */ = {isa = PBXBuildFile; fileRef = A8EFA62A287E9F000051D40F /* GitHubAPIError.swift */; };
		A8EFA62F287E9F000051D40F /* User.swift in Sources */ = {isa = PBXBuildFile; fileRef = A8EFA62B287E9F000051D40F /* User.swift */; };
		A8EFA630287E9F000051D40F /* Repository.swift in Sources */ = {isa = PBXBuildFile; fileRef = A8EFA62C287E9F000051D40F /* Repository.swift */; };
		A8EFA631287E9F000051D40F /* SearchResponse.swift in Sources */ = {isa = PBXBuildFile; fileRef = A8EFA62D287E9F000051D40F /* SearchResponse.swift */; };
		A8EFA634287EB15B0051D40F /* RepositoryCell.swift in Sources */ = {isa = PBXBuildFile; fileRef = A8EFA632287EB15B0051D40F /* RepositoryCell.swift */; };
		A8EFA635287EB15B0051D40F /* RepositoryCell.xib in Resources */ = {isa = PBXBuildFile; fileRef = A8EFA633287EB15B0051D40F /* RepositoryCell.xib */; };
		A8EFA637287EDF9E0051D40F /* Web.storyboard in Resources */ = {isa = PBXBuildFile; fileRef = A8EFA636287EDF9E0051D40F /* Web.storyboard */; };
		A8EFA639287EDFD60051D40F /* WebViewController.swift in Sources */ = {isa = PBXBuildFile; fileRef = A8EFA638287EDFD60051D40F /* WebViewController.swift */; };
		A8EFA63B287EE6A20051D40F /* WebKit.framework in Frameworks */ = {isa = PBXBuildFile; fileRef = A8EFA63A287EE6A20051D40F /* WebKit.framework */; };
		BFD945DF244DC5E80012785A /* AppDelegate.swift in Sources */ = {isa = PBXBuildFile; fileRef = BFD945DE244DC5E80012785A /* AppDelegate.swift */; };
		BFD945E8244DC5EB0012785A /* Assets.xcassets in Resources */ = {isa = PBXBuildFile; fileRef = BFD945E7244DC5EB0012785A /* Assets.xcassets */; };
		BFD945EB244DC5EB0012785A /* LaunchScreen.storyboard in Resources */ = {isa = PBXBuildFile; fileRef = BFD945E9244DC5EB0012785A /* LaunchScreen.storyboard */; };
		BFD94601244DC5EC0012785A /* iOSEngineerCodeCheckUITests.swift in Sources */ = {isa = PBXBuildFile; fileRef = BFD94600244DC5EC0012785A /* iOSEngineerCodeCheckUITests.swift */; };
		C8AF7AD54B092964510C10DC /* Pods_iOSEngineerCodeCheck.framework in Frameworks */ = {isa = PBXBuildFile; fileRef = 43D6A35339A98B9F44C3736A /* Pods_iOSEngineerCodeCheck.framework */; };
/* End PBXBuildFile section */

/* Begin PBXContainerItemProxy section */
		BFD945F2244DC5EB0012785A /* PBXContainerItemProxy */ = {
			isa = PBXContainerItemProxy;
			containerPortal = BFD945D3244DC5E80012785A /* Project object */;
			proxyType = 1;
			remoteGlobalIDString = BFD945DA244DC5E80012785A;
			remoteInfo = iOSEngineerCodeCheck;
		};
		BFD945FD244DC5EB0012785A /* PBXContainerItemProxy */ = {
			isa = PBXContainerItemProxy;
			containerPortal = BFD945D3244DC5E80012785A /* Project object */;
			proxyType = 1;
			remoteGlobalIDString = BFD945DA244DC5E80012785A;
			remoteInfo = iOSEngineerCodeCheck;
		};
/* End PBXContainerItemProxy section */

/* Begin PBXFileReference section */
		119311C923F5BF1FDCC2A3DD /* Pods-iOSEngineerCodeCheck.debug.xcconfig */ = {isa = PBXFileReference; includeInIndex = 1; lastKnownFileType = text.xcconfig; name = "Pods-iOSEngineerCodeCheck.debug.xcconfig"; path = "Target Support Files/Pods-iOSEngineerCodeCheck/Pods-iOSEngineerCodeCheck.debug.xcconfig"; sourceTree = "<group>"; };
		2430778A082ED19707D2F665 /* Pods_iOSEngineerCodeCheck_iOSEngineerCodeCheckUITests.framework */ = {isa = PBXFileReference; explicitFileType = wrapper.framework; includeInIndex = 0; path = Pods_iOSEngineerCodeCheck_iOSEngineerCodeCheckUITests.framework; sourceTree = BUILT_PRODUCTS_DIR; };
		286AB1225CF0EDDD6EFD37DA /* Pods-iOSEngineerCodeCheckTests.release.xcconfig */ = {isa = PBXFileReference; includeInIndex = 1; lastKnownFileType = text.xcconfig; name = "Pods-iOSEngineerCodeCheckTests.release.xcconfig"; path = "Target Support Files/Pods-iOSEngineerCodeCheckTests/Pods-iOSEngineerCodeCheckTests.release.xcconfig"; sourceTree = "<group>"; };
		43D6A35339A98B9F44C3736A /* Pods_iOSEngineerCodeCheck.framework */ = {isa = PBXFileReference; explicitFileType = wrapper.framework; includeInIndex = 0; path = Pods_iOSEngineerCodeCheck.framework; sourceTree = BUILT_PRODUCTS_DIR; };
		4D89F5EE8EC810398F9BF910 /* Pods_iOSEngineerCodeCheckTests.framework */ = {isa = PBXFileReference; explicitFileType = wrapper.framework; includeInIndex = 0; path = Pods_iOSEngineerCodeCheckTests.framework; sourceTree = BUILT_PRODUCTS_DIR; };
		7E11ABE7ACD2E75070E07B93 /* Pods-iOSEngineerCodeCheckTests.debug.xcconfig */ = {isa = PBXFileReference; includeInIndex = 1; lastKnownFileType = text.xcconfig; name = "Pods-iOSEngineerCodeCheckTests.debug.xcconfig"; path = "Target Support Files/Pods-iOSEngineerCodeCheckTests/Pods-iOSEngineerCodeCheckTests.debug.xcconfig"; sourceTree = "<group>"; };
		9FD211120B17A7EBD1CC1AE9 /* Pods-iOSEngineerCodeCheck-iOSEngineerCodeCheckUITests.debug.xcconfig */ = {isa = PBXFileReference; includeInIndex = 1; lastKnownFileType = text.xcconfig; name = "Pods-iOSEngineerCodeCheck-iOSEngineerCodeCheckUITests.debug.xcconfig"; path = "Target Support Files/Pods-iOSEngineerCodeCheck-iOSEngineerCodeCheckUITests/Pods-iOSEngineerCodeCheck-iOSEngineerCodeCheckUITests.debug.xcconfig"; sourceTree = "<group>"; };
		A8EFA591287C0F0F0051D40F /* SearchRepositoryViewController.swift */ = {isa = PBXFileReference; fileEncoding = 4; lastKnownFileType = sourcecode.swift; path = SearchRepositoryViewController.swift; sourceTree = "<group>"; };
		A8EFA592287C0F0F0051D40F /* SearchRepositoryPresenter.swift */ = {isa = PBXFileReference; fileEncoding = 4; lastKnownFileType = sourcecode.swift; path = SearchRepositoryPresenter.swift; sourceTree = "<group>"; };
		A8EFA593287C0F0F0051D40F /* Search.storyboard */ = {isa = PBXFileReference; fileEncoding = 4; lastKnownFileType = file.storyboard; path = Search.storyboard; sourceTree = "<group>"; };
		A8EFA594287C0F0F0051D40F /* SearchRepositoryModel.swift */ = {isa = PBXFileReference; fileEncoding = 4; lastKnownFileType = sourcecode.swift; path = SearchRepositoryModel.swift; sourceTree = "<group>"; };
		A8EFA596287C0F0F0051D40F /* Detail.storyboard */ = {isa = PBXFileReference; fileEncoding = 4; lastKnownFileType = file.storyboard; path = Detail.storyboard; sourceTree = "<group>"; };
		A8EFA597287C0F0F0051D40F /* DetailViewController.swift */ = {isa = PBXFileReference; fileEncoding = 4; lastKnownFileType = sourcecode.swift; path = DetailViewController.swift; sourceTree = "<group>"; };
		A8EFA60B287DFD390051D40F /* ExampleJSON.swift */ = {isa = PBXFileReference; lastKnownFileType = sourcecode.swift; path = ExampleJSON.swift; sourceTree = "<group>"; };
		A8EFA60D287DFFD70051D40F /* UserTests.swift */ = {isa = PBXFileReference; lastKnownFileType = sourcecode.swift; path = UserTests.swift; sourceTree = "<group>"; };
		A8EFA60F287E009C0051D40F /* RepositoryTests.swift */ = {isa = PBXFileReference; lastKnownFileType = sourcecode.swift; path = RepositoryTests.swift; sourceTree = "<group>"; };
		A8EFA613287E052F0051D40F /* SearchResponseTests.swift */ = {isa = PBXFileReference; lastKnownFileType = sourcecode.swift; path = SearchResponseTests.swift; sourceTree = "<group>"; };
		A8EFA617287E07BB0051D40F /* GitHubClientError.swift */ = {isa = PBXFileReference; fileEncoding = 4; lastKnownFileType = sourcecode.swift; path = GitHubClientError.swift; sourceTree = "<group>"; };
		A8EFA61B287E083A0051D40F /* GitHubAPIErrorTests.swift */ = {isa = PBXFileReference; lastKnownFileType = sourcecode.swift; path = GitHubAPIErrorTests.swift; sourceTree = "<group>"; };
		A8EFA61D287E09C10051D40F /* GitHubRequest.swift */ = {isa = PBXFileReference; fileEncoding = 4; lastKnownFileType = sourcecode.swift; path = GitHubRequest.swift; sourceTree = "<group>"; };
		A8EFA61F287E09E50051D40F /* HTTPMethod.swift */ = {isa = PBXFileReference; fileEncoding = 4; lastKnownFileType = sourcecode.swift; path = HTTPMethod.swift; sourceTree = "<group>"; };
		A8EFA621287E0ADC0051D40F /* GitHubAPI.swift */ = {isa = PBXFileReference; fileEncoding = 4; lastKnownFileType = sourcecode.swift; path = GitHubAPI.swift; sourceTree = "<group>"; };
		A8EFA623287E0DBA0051D40F /* HTTPClient.swift */ = {isa = PBXFileReference; fileEncoding = 4; lastKnownFileType = sourcecode.swift; path = HTTPClient.swift; sourceTree = "<group>"; };
		A8EFA627287E103C0051D40F /* GitHubClient.swift */ = {isa = PBXFileReference; fileEncoding = 4; lastKnownFileType = sourcecode.swift; path = GitHubClient.swift; sourceTree = "<group>"; };
		A8EFA62A287E9F000051D40F /* GitHubAPIError.swift */ = {isa = PBXFileReference; fileEncoding = 4; lastKnownFileType = sourcecode.swift; path = GitHubAPIError.swift; sourceTree = "<group>"; };
		A8EFA62B287E9F000051D40F /* User.swift */ = {isa = PBXFileReference; fileEncoding = 4; lastKnownFileType = sourcecode.swift; path = User.swift; sourceTree = "<group>"; };
		A8EFA62C287E9F000051D40F /* Repository.swift */ = {isa = PBXFileReference; fileEncoding = 4; lastKnownFileType = sourcecode.swift; path = Repository.swift; sourceTree = "<group>"; };
		A8EFA62D287E9F000051D40F /* SearchResponse.swift */ = {isa = PBXFileReference; fileEncoding = 4; lastKnownFileType = sourcecode.swift; path = SearchResponse.swift; sourceTree = "<group>"; };
		A8EFA632287EB15B0051D40F /* RepositoryCell.swift */ = {isa = PBXFileReference; lastKnownFileType = sourcecode.swift; path = RepositoryCell.swift; sourceTree = "<group>"; };
		A8EFA633287EB15B0051D40F /* RepositoryCell.xib */ = {isa = PBXFileReference; lastKnownFileType = file.xib; path = RepositoryCell.xib; sourceTree = "<group>"; };
		A8EFA636287EDF9E0051D40F /* Web.storyboard */ = {isa = PBXFileReference; lastKnownFileType = file.storyboard; path = Web.storyboard; sourceTree = "<group>"; };
		A8EFA638287EDFD60051D40F /* WebViewController.swift */ = {isa = PBXFileReference; lastKnownFileType = sourcecode.swift; path = WebViewController.swift; sourceTree = "<group>"; };
		A8EFA63A287EE6A20051D40F /* WebKit.framework */ = {isa = PBXFileReference; lastKnownFileType = wrapper.framework; name = WebKit.framework; path = System/Library/Frameworks/WebKit.framework; sourceTree = SDKROOT; };
		B56B75E6DA9E64041E05E72E /* Pods-iOSEngineerCodeCheck.release.xcconfig */ = {isa = PBXFileReference; includeInIndex = 1; lastKnownFileType = text.xcconfig; name = "Pods-iOSEngineerCodeCheck.release.xcconfig"; path = "Target Support Files/Pods-iOSEngineerCodeCheck/Pods-iOSEngineerCodeCheck.release.xcconfig"; sourceTree = "<group>"; };
		BFD945DB244DC5E80012785A /* iOSEngineerCodeCheck.app */ = {isa = PBXFileReference; explicitFileType = wrapper.application; includeInIndex = 0; path = iOSEngineerCodeCheck.app; sourceTree = BUILT_PRODUCTS_DIR; };
		BFD945DE244DC5E80012785A /* AppDelegate.swift */ = {isa = PBXFileReference; lastKnownFileType = sourcecode.swift; path = AppDelegate.swift; sourceTree = "<group>"; };
		BFD945E7244DC5EB0012785A /* Assets.xcassets */ = {isa = PBXFileReference; lastKnownFileType = folder.assetcatalog; path = Assets.xcassets; sourceTree = "<group>"; };
		BFD945EA244DC5EB0012785A /* Base */ = {isa = PBXFileReference; lastKnownFileType = file.storyboard; name = Base; path = Base.lproj/LaunchScreen.storyboard; sourceTree = "<group>"; };
		BFD945EC244DC5EB0012785A /* Info.plist */ = {isa = PBXFileReference; lastKnownFileType = text.plist.xml; path = Info.plist; sourceTree = "<group>"; };
		BFD945F1244DC5EB0012785A /* iOSEngineerCodeCheckTests.xctest */ = {isa = PBXFileReference; explicitFileType = wrapper.cfbundle; includeInIndex = 0; path = iOSEngineerCodeCheckTests.xctest; sourceTree = BUILT_PRODUCTS_DIR; };
		BFD945F7244DC5EB0012785A /* Info.plist */ = {isa = PBXFileReference; lastKnownFileType = text.plist.xml; path = Info.plist; sourceTree = "<group>"; };
		BFD945FC244DC5EB0012785A /* iOSEngineerCodeCheckUITests.xctest */ = {isa = PBXFileReference; explicitFileType = wrapper.cfbundle; includeInIndex = 0; path = iOSEngineerCodeCheckUITests.xctest; sourceTree = BUILT_PRODUCTS_DIR; };
		BFD94600244DC5EC0012785A /* iOSEngineerCodeCheckUITests.swift */ = {isa = PBXFileReference; lastKnownFileType = sourcecode.swift; path = iOSEngineerCodeCheckUITests.swift; sourceTree = "<group>"; };
		BFD94602244DC5EC0012785A /* Info.plist */ = {isa = PBXFileReference; lastKnownFileType = text.plist.xml; path = Info.plist; sourceTree = "<group>"; };
		F9B1DE08EE6A718AA91A53D9 /* Pods-iOSEngineerCodeCheck-iOSEngineerCodeCheckUITests.release.xcconfig */ = {isa = PBXFileReference; includeInIndex = 1; lastKnownFileType = text.xcconfig; name = "Pods-iOSEngineerCodeCheck-iOSEngineerCodeCheckUITests.release.xcconfig"; path = "Target Support Files/Pods-iOSEngineerCodeCheck-iOSEngineerCodeCheckUITests/Pods-iOSEngineerCodeCheck-iOSEngineerCodeCheckUITests.release.xcconfig"; sourceTree = "<group>"; };
/* End PBXFileReference section */

/* Begin PBXFrameworksBuildPhase section */
		BFD945D8244DC5E80012785A /* Frameworks */ = {
			isa = PBXFrameworksBuildPhase;
			buildActionMask = 2147483647;
			files = (
				A8EFA63B287EE6A20051D40F /* WebKit.framework in Frameworks */,
				C8AF7AD54B092964510C10DC /* Pods_iOSEngineerCodeCheck.framework in Frameworks */,
			);
			runOnlyForDeploymentPostprocessing = 0;
		};
		BFD945EE244DC5EB0012785A /* Frameworks */ = {
			isa = PBXFrameworksBuildPhase;
			buildActionMask = 2147483647;
			files = (
				8566E670ED7C6B4D64491AD1 /* Pods_iOSEngineerCodeCheckTests.framework in Frameworks */,
			);
			runOnlyForDeploymentPostprocessing = 0;
		};
		BFD945F9244DC5EB0012785A /* Frameworks */ = {
			isa = PBXFrameworksBuildPhase;
			buildActionMask = 2147483647;
			files = (
				9DD55DDBDFD275BFF91E2CA8 /* Pods_iOSEngineerCodeCheck_iOSEngineerCodeCheckUITests.framework in Frameworks */,
			);
			runOnlyForDeploymentPostprocessing = 0;
		};
/* End PBXFrameworksBuildPhase section */

/* Begin PBXGroup section */
		93B158291889534292D77A76 /* Frameworks */ = {
			isa = PBXGroup;
			children = (
				A8EFA63A287EE6A20051D40F /* WebKit.framework */,
				43D6A35339A98B9F44C3736A /* Pods_iOSEngineerCodeCheck.framework */,
				2430778A082ED19707D2F665 /* Pods_iOSEngineerCodeCheck_iOSEngineerCodeCheckUITests.framework */,
				4D89F5EE8EC810398F9BF910 /* Pods_iOSEngineerCodeCheckTests.framework */,
			);
			name = Frameworks;
			sourceTree = "<group>";
		};
		A8EFA58C287C0EF50051D40F /* GitHubAPI */ = {
			isa = PBXGroup;
			children = (
				A8EFA629287E9F000051D40F /* DataModels */,
				A8EFA627287E103C0051D40F /* GitHubClient.swift */,
				A8EFA623287E0DBA0051D40F /* HTTPClient.swift */,
				A8EFA621287E0ADC0051D40F /* GitHubAPI.swift */,
				A8EFA61F287E09E50051D40F /* HTTPMethod.swift */,
				A8EFA61D287E09C10051D40F /* GitHubRequest.swift */,
				A8EFA617287E07BB0051D40F /* GitHubClientError.swift */,
			);
			path = GitHubAPI;
			sourceTree = "<group>";
		};
		A8EFA58F287C0F0F0051D40F /* Views */ = {
			isa = PBXGroup;
			children = (
				A8EFA636287EDF9E0051D40F /* Web.storyboard */,
				A8EFA638287EDFD60051D40F /* WebViewController.swift */,
				A8EFA590287C0F0F0051D40F /* Search */,
				A8EFA595287C0F0F0051D40F /* Detail */,
				A8EFA632287EB15B0051D40F /* RepositoryCell.swift */,
				A8EFA633287EB15B0051D40F /* RepositoryCell.xib */,
			);
			path = Views;
			sourceTree = "<group>";
		};
		A8EFA590287C0F0F0051D40F /* Search */ = {
			isa = PBXGroup;
			children = (
				A8EFA591287C0F0F0051D40F /* SearchRepositoryViewController.swift */,
				A8EFA592287C0F0F0051D40F /* SearchRepositoryPresenter.swift */,
				A8EFA593287C0F0F0051D40F /* Search.storyboard */,
				A8EFA594287C0F0F0051D40F /* SearchRepositoryModel.swift */,
			);
			path = Search;
			sourceTree = "<group>";
		};
		A8EFA595287C0F0F0051D40F /* Detail */ = {
			isa = PBXGroup;
			children = (
				A8EFA596287C0F0F0051D40F /* Detail.storyboard */,
				A8EFA597287C0F0F0051D40F /* DetailViewController.swift */,
			);
			path = Detail;
			sourceTree = "<group>";
		};
		A8EFA629287E9F000051D40F /* DataModels */ = {
			isa = PBXGroup;
			children = (
				A8EFA62A287E9F000051D40F /* GitHubAPIError.swift */,
				A8EFA62B287E9F000051D40F /* User.swift */,
				A8EFA62C287E9F000051D40F /* Repository.swift */,
				A8EFA62D287E9F000051D40F /* SearchResponse.swift */,
			);
			path = DataModels;
			sourceTree = "<group>";
		};
		BFD945D2244DC5E80012785A = {
			isa = PBXGroup;
			children = (
				BFD945DD244DC5E80012785A /* iOSEngineerCodeCheck */,
				BFD945F4244DC5EB0012785A /* iOSEngineerCodeCheckTests */,
				BFD945FF244DC5EB0012785A /* iOSEngineerCodeCheckUITests */,
				BFD945DC244DC5E80012785A /* Products */,
				C59D47B42E78F48C268F28A3 /* Pods */,
				93B158291889534292D77A76 /* Frameworks */,
			);
			sourceTree = "<group>";
		};
		BFD945DC244DC5E80012785A /* Products */ = {
			isa = PBXGroup;
			children = (
				BFD945DB244DC5E80012785A /* iOSEngineerCodeCheck.app */,
				BFD945F1244DC5EB0012785A /* iOSEngineerCodeCheckTests.xctest */,
				BFD945FC244DC5EB0012785A /* iOSEngineerCodeCheckUITests.xctest */,
			);
			name = Products;
			sourceTree = "<group>";
		};
		BFD945DD244DC5E80012785A /* iOSEngineerCodeCheck */ = {
			isa = PBXGroup;
			children = (
				A8EFA58F287C0F0F0051D40F /* Views */,
				A8EFA58C287C0EF50051D40F /* GitHubAPI */,
				BFD945DE244DC5E80012785A /* AppDelegate.swift */,
				BFD945E7244DC5EB0012785A /* Assets.xcassets */,
				BFD945E9244DC5EB0012785A /* LaunchScreen.storyboard */,
				BFD945EC244DC5EB0012785A /* Info.plist */,
			);
			path = iOSEngineerCodeCheck;
			sourceTree = "<group>";
		};
		BFD945F4244DC5EB0012785A /* iOSEngineerCodeCheckTests */ = {
			isa = PBXGroup;
			children = (
				A8EFA60B287DFD390051D40F /* ExampleJSON.swift */,
				A8EFA60D287DFFD70051D40F /* UserTests.swift */,
				A8EFA60F287E009C0051D40F /* RepositoryTests.swift */,
				A8EFA613287E052F0051D40F /* SearchResponseTests.swift */,
				A8EFA61B287E083A0051D40F /* GitHubAPIErrorTests.swift */,
				BFD945F7244DC5EB0012785A /* Info.plist */,
			);
			path = iOSEngineerCodeCheckTests;
			sourceTree = "<group>";
		};
		BFD945FF244DC5EB0012785A /* iOSEngineerCodeCheckUITests */ = {
			isa = PBXGroup;
			children = (
				BFD94600244DC5EC0012785A /* iOSEngineerCodeCheckUITests.swift */,
				BFD94602244DC5EC0012785A /* Info.plist */,
			);
			path = iOSEngineerCodeCheckUITests;
			sourceTree = "<group>";
		};
		C59D47B42E78F48C268F28A3 /* Pods */ = {
			isa = PBXGroup;
			children = (
				119311C923F5BF1FDCC2A3DD /* Pods-iOSEngineerCodeCheck.debug.xcconfig */,
				B56B75E6DA9E64041E05E72E /* Pods-iOSEngineerCodeCheck.release.xcconfig */,
				9FD211120B17A7EBD1CC1AE9 /* Pods-iOSEngineerCodeCheck-iOSEngineerCodeCheckUITests.debug.xcconfig */,
				F9B1DE08EE6A718AA91A53D9 /* Pods-iOSEngineerCodeCheck-iOSEngineerCodeCheckUITests.release.xcconfig */,
				7E11ABE7ACD2E75070E07B93 /* Pods-iOSEngineerCodeCheckTests.debug.xcconfig */,
				286AB1225CF0EDDD6EFD37DA /* Pods-iOSEngineerCodeCheckTests.release.xcconfig */,
			);
			path = Pods;
			sourceTree = "<group>";
		};
/* End PBXGroup section */

/* Begin PBXNativeTarget section */
		BFD945DA244DC5E80012785A /* iOSEngineerCodeCheck */ = {
			isa = PBXNativeTarget;
			buildConfigurationList = BFD94605244DC5EC0012785A /* Build configuration list for PBXNativeTarget "iOSEngineerCodeCheck" */;
			buildPhases = (
				5DABE8F86EBB79B7584BC9C9 /* [CP] Check Pods Manifest.lock */,
				BFD945D7244DC5E80012785A /* Sources */,
				BFD945D8244DC5E80012785A /* Frameworks */,
				BFD945D9244DC5E80012785A /* Resources */,
				F94A7DFA44BFDB411CC6EA0C /* [CP] Embed Pods Frameworks */,
			);
			buildRules = (
			);
			dependencies = (
			);
			name = iOSEngineerCodeCheck;
			productName = iOSEngineerCodeCheck;
			productReference = BFD945DB244DC5E80012785A /* iOSEngineerCodeCheck.app */;
			productType = "com.apple.product-type.application";
		};
		BFD945F0244DC5EB0012785A /* iOSEngineerCodeCheckTests */ = {
			isa = PBXNativeTarget;
			buildConfigurationList = BFD94608244DC5EC0012785A /* Build configuration list for PBXNativeTarget "iOSEngineerCodeCheckTests" */;
			buildPhases = (
				3584141B6E08DBD5476A8C4B /* [CP] Check Pods Manifest.lock */,
				BFD945ED244DC5EB0012785A /* Sources */,
				BFD945EE244DC5EB0012785A /* Frameworks */,
				BFD945EF244DC5EB0012785A /* Resources */,
			);
			buildRules = (
			);
			dependencies = (
				BFD945F3244DC5EB0012785A /* PBXTargetDependency */,
			);
			name = iOSEngineerCodeCheckTests;
			productName = iOSEngineerCodeCheckTests;
			productReference = BFD945F1244DC5EB0012785A /* iOSEngineerCodeCheckTests.xctest */;
			productType = "com.apple.product-type.bundle.unit-test";
		};
		BFD945FB244DC5EB0012785A /* iOSEngineerCodeCheckUITests */ = {
			isa = PBXNativeTarget;
			buildConfigurationList = BFD9460B244DC5EC0012785A /* Build configuration list for PBXNativeTarget "iOSEngineerCodeCheckUITests" */;
			buildPhases = (
				2945560F98FD868D2E5C01D3 /* [CP] Check Pods Manifest.lock */,
				BFD945F8244DC5EB0012785A /* Sources */,
				BFD945F9244DC5EB0012785A /* Frameworks */,
				BFD945FA244DC5EB0012785A /* Resources */,
				46F7B56FD0B4DBFFCAC294C2 /* [CP] Embed Pods Frameworks */,
			);
			buildRules = (
			);
			dependencies = (
				BFD945FE244DC5EB0012785A /* PBXTargetDependency */,
			);
			name = iOSEngineerCodeCheckUITests;
			productName = iOSEngineerCodeCheckUITests;
			productReference = BFD945FC244DC5EB0012785A /* iOSEngineerCodeCheckUITests.xctest */;
			productType = "com.apple.product-type.bundle.ui-testing";
		};
/* End PBXNativeTarget section */

/* Begin PBXProject section */
		BFD945D3244DC5E80012785A /* Project object */ = {
			isa = PBXProject;
			attributes = {
				LastSwiftUpdateCheck = 1300;
				LastUpgradeCheck = 1300;
				ORGANIZATIONNAME = "YUMEMI Inc.";
				TargetAttributes = {
					BFD945DA244DC5E80012785A = {
						CreatedOnToolsVersion = 11.4.1;
					};
					BFD945F0244DC5EB0012785A = {
						CreatedOnToolsVersion = 11.4.1;
						TestTargetID = BFD945DA244DC5E80012785A;
					};
					BFD945FB244DC5EB0012785A = {
						CreatedOnToolsVersion = 11.4.1;
						TestTargetID = BFD945DA244DC5E80012785A;
					};
				};
			};
			buildConfigurationList = BFD945D6244DC5E80012785A /* Build configuration list for PBXProject "iOSEngineerCodeCheck" */;
			compatibilityVersion = "Xcode 9.3";
			developmentRegion = en;
			hasScannedForEncodings = 0;
			knownRegions = (
				en,
				Base,
			);
			mainGroup = BFD945D2244DC5E80012785A;
			productRefGroup = BFD945DC244DC5E80012785A /* Products */;
			projectDirPath = "";
			projectRoot = "";
			targets = (
				BFD945DA244DC5E80012785A /* iOSEngineerCodeCheck */,
				BFD945F0244DC5EB0012785A /* iOSEngineerCodeCheckTests */,
				BFD945FB244DC5EB0012785A /* iOSEngineerCodeCheckUITests */,
			);
		};
/* End PBXProject section */

/* Begin PBXResourcesBuildPhase section */
		BFD945D9244DC5E80012785A /* Resources */ = {
			isa = PBXResourcesBuildPhase;
			buildActionMask = 2147483647;
			files = (
				A8EFA635287EB15B0051D40F /* RepositoryCell.xib in Resources */,
				BFD945EB244DC5EB0012785A /* LaunchScreen.storyboard in Resources */,
				A8EFA59A287C0F0F0051D40F /* Search.storyboard in Resources */,
				BFD945E8244DC5EB0012785A /* Assets.xcassets in Resources */,
				A8EFA59C287C0F0F0051D40F /* Detail.storyboard in Resources */,
				A8EFA637287EDF9E0051D40F /* Web.storyboard in Resources */,
			);
			runOnlyForDeploymentPostprocessing = 0;
		};
		BFD945EF244DC5EB0012785A /* Resources */ = {
			isa = PBXResourcesBuildPhase;
			buildActionMask = 2147483647;
			files = (
			);
			runOnlyForDeploymentPostprocessing = 0;
		};
		BFD945FA244DC5EB0012785A /* Resources */ = {
			isa = PBXResourcesBuildPhase;
			buildActionMask = 2147483647;
			files = (
			);
			runOnlyForDeploymentPostprocessing = 0;
		};
/* End PBXResourcesBuildPhase section */

/* Begin PBXShellScriptBuildPhase section */
		2945560F98FD868D2E5C01D3 /* [CP] Check Pods Manifest.lock */ = {
			isa = PBXShellScriptBuildPhase;
			buildActionMask = 2147483647;
			files = (
			);
			inputFileListPaths = (
			);
			inputPaths = (
				"${PODS_PODFILE_DIR_PATH}/Podfile.lock",
				"${PODS_ROOT}/Manifest.lock",
			);
			name = "[CP] Check Pods Manifest.lock";
			outputFileListPaths = (
			);
			outputPaths = (
				"$(DERIVED_FILE_DIR)/Pods-iOSEngineerCodeCheck-iOSEngineerCodeCheckUITests-checkManifestLockResult.txt",
			);
			runOnlyForDeploymentPostprocessing = 0;
			shellPath = /bin/sh;
			shellScript = "diff \"${PODS_PODFILE_DIR_PATH}/Podfile.lock\" \"${PODS_ROOT}/Manifest.lock\" > /dev/null\nif [ $? != 0 ] ; then\n    # print error to STDERR\n    echo \"error: The sandbox is not in sync with the Podfile.lock. Run 'pod install' or update your CocoaPods installation.\" >&2\n    exit 1\nfi\n# This output is used by Xcode 'outputs' to avoid re-running this script phase.\necho \"SUCCESS\" > \"${SCRIPT_OUTPUT_FILE_0}\"\n";
			showEnvVarsInLog = 0;
		};
		3584141B6E08DBD5476A8C4B /* [CP] Check Pods Manifest.lock */ = {
			isa = PBXShellScriptBuildPhase;
			buildActionMask = 2147483647;
			files = (
			);
			inputFileListPaths = (
			);
			inputPaths = (
				"${PODS_PODFILE_DIR_PATH}/Podfile.lock",
				"${PODS_ROOT}/Manifest.lock",
			);
			name = "[CP] Check Pods Manifest.lock";
			outputFileListPaths = (
			);
			outputPaths = (
				"$(DERIVED_FILE_DIR)/Pods-iOSEngineerCodeCheckTests-checkManifestLockResult.txt",
			);
			runOnlyForDeploymentPostprocessing = 0;
			shellPath = /bin/sh;
			shellScript = "diff \"${PODS_PODFILE_DIR_PATH}/Podfile.lock\" \"${PODS_ROOT}/Manifest.lock\" > /dev/null\nif [ $? != 0 ] ; then\n    # print error to STDERR\n    echo \"error: The sandbox is not in sync with the Podfile.lock. Run 'pod install' or update your CocoaPods installation.\" >&2\n    exit 1\nfi\n# This output is used by Xcode 'outputs' to avoid re-running this script phase.\necho \"SUCCESS\" > \"${SCRIPT_OUTPUT_FILE_0}\"\n";
			showEnvVarsInLog = 0;
		};
		46F7B56FD0B4DBFFCAC294C2 /* [CP] Embed Pods Frameworks */ = {
			isa = PBXShellScriptBuildPhase;
			buildActionMask = 2147483647;
			files = (
			);
			inputFileListPaths = (
				"${PODS_ROOT}/Target Support Files/Pods-iOSEngineerCodeCheck-iOSEngineerCodeCheckUITests/Pods-iOSEngineerCodeCheck-iOSEngineerCodeCheckUITests-frameworks-${CONFIGURATION}-input-files.xcfilelist",
			);
			name = "[CP] Embed Pods Frameworks";
			outputFileListPaths = (
				"${PODS_ROOT}/Target Support Files/Pods-iOSEngineerCodeCheck-iOSEngineerCodeCheckUITests/Pods-iOSEngineerCodeCheck-iOSEngineerCodeCheckUITests-frameworks-${CONFIGURATION}-output-files.xcfilelist",
			);
			runOnlyForDeploymentPostprocessing = 0;
			shellPath = /bin/sh;
			shellScript = "\"${PODS_ROOT}/Target Support Files/Pods-iOSEngineerCodeCheck-iOSEngineerCodeCheckUITests/Pods-iOSEngineerCodeCheck-iOSEngineerCodeCheckUITests-frameworks.sh\"\n";
			showEnvVarsInLog = 0;
		};
		5DABE8F86EBB79B7584BC9C9 /* [CP] Check Pods Manifest.lock */ = {
			isa = PBXShellScriptBuildPhase;
			buildActionMask = 2147483647;
			files = (
			);
			inputFileListPaths = (
			);
			inputPaths = (
				"${PODS_PODFILE_DIR_PATH}/Podfile.lock",
				"${PODS_ROOT}/Manifest.lock",
			);
			name = "[CP] Check Pods Manifest.lock";
			outputFileListPaths = (
			);
			outputPaths = (
				"$(DERIVED_FILE_DIR)/Pods-iOSEngineerCodeCheck-checkManifestLockResult.txt",
			);
			runOnlyForDeploymentPostprocessing = 0;
			shellPath = /bin/sh;
			shellScript = "diff \"${PODS_PODFILE_DIR_PATH}/Podfile.lock\" \"${PODS_ROOT}/Manifest.lock\" > /dev/null\nif [ $? != 0 ] ; then\n    # print error to STDERR\n    echo \"error: The sandbox is not in sync with the Podfile.lock. Run 'pod install' or update your CocoaPods installation.\" >&2\n    exit 1\nfi\n# This output is used by Xcode 'outputs' to avoid re-running this script phase.\necho \"SUCCESS\" > \"${SCRIPT_OUTPUT_FILE_0}\"\n";
			showEnvVarsInLog = 0;
		};
		F94A7DFA44BFDB411CC6EA0C /* [CP] Embed Pods Frameworks */ = {
			isa = PBXShellScriptBuildPhase;
			buildActionMask = 2147483647;
			files = (
			);
			inputFileListPaths = (
				"${PODS_ROOT}/Target Support Files/Pods-iOSEngineerCodeCheck/Pods-iOSEngineerCodeCheck-frameworks-${CONFIGURATION}-input-files.xcfilelist",
			);
			name = "[CP] Embed Pods Frameworks";
			outputFileListPaths = (
				"${PODS_ROOT}/Target Support Files/Pods-iOSEngineerCodeCheck/Pods-iOSEngineerCodeCheck-frameworks-${CONFIGURATION}-output-files.xcfilelist",
			);
			runOnlyForDeploymentPostprocessing = 0;
			shellPath = /bin/sh;
			shellScript = "\"${PODS_ROOT}/Target Support Files/Pods-iOSEngineerCodeCheck/Pods-iOSEngineerCodeCheck-frameworks.sh\"\n";
			showEnvVarsInLog = 0;
		};
/* End PBXShellScriptBuildPhase section */

/* Begin PBXSourcesBuildPhase section */
		BFD945D7244DC5E80012785A /* Sources */ = {
			isa = PBXSourcesBuildPhase;
			buildActionMask = 2147483647;
			files = (
				A8EFA62F287E9F000051D40F /* User.swift in Sources */,
				A8EFA618287E07BB0051D40F /* GitHubClientError.swift in Sources */,
				A8EFA599287C0F0F0051D40F /* SearchRepositoryPresenter.swift in Sources */,
				BFD945DF244DC5E80012785A /* AppDelegate.swift in Sources */,
				A8EFA622287E0ADC0051D40F /* GitHubAPI.swift in Sources */,
				A8EFA598287C0F0F0051D40F /* SearchRepositoryViewController.swift in Sources */,
				A8EFA620287E09E50051D40F /* HTTPMethod.swift in Sources */,
				A8EFA630287E9F000051D40F /* Repository.swift in Sources */,
				A8EFA624287E0DBA0051D40F /* HTTPClient.swift in Sources */,
				A8EFA59D287C0F0F0051D40F /* DetailViewController.swift in Sources */,
				A8EFA61E287E09C10051D40F /* GitHubRequest.swift in Sources */,
				A8EFA634287EB15B0051D40F /* RepositoryCell.swift in Sources */,
				A8EFA639287EDFD60051D40F /* WebViewController.swift in Sources */,
				A8EFA631287E9F000051D40F /* SearchResponse.swift in Sources */,
				A8EFA59B287C0F0F0051D40F /* SearchRepositoryModel.swift in Sources */,
				A8EFA62E287E9F000051D40F /* GitHubAPIError.swift in Sources */,
				A8EFA628287E103C0051D40F /* GitHubClient.swift in Sources */,
			);
			runOnlyForDeploymentPostprocessing = 0;
		};
		BFD945ED244DC5EB0012785A /* Sources */ = {
			isa = PBXSourcesBuildPhase;
			buildActionMask = 2147483647;
			files = (
				A8EFA60E287DFFD70051D40F /* UserTests.swift in Sources */,
				A8EFA60C287DFD390051D40F /* ExampleJSON.swift in Sources */,
				A8EFA610287E009C0051D40F /* RepositoryTests.swift in Sources */,
				A8EFA61C287E083A0051D40F /* GitHubAPIErrorTests.swift in Sources */,
				A8EFA614287E052F0051D40F /* SearchResponseTests.swift in Sources */,
			);
			runOnlyForDeploymentPostprocessing = 0;
		};
		BFD945F8244DC5EB0012785A /* Sources */ = {
			isa = PBXSourcesBuildPhase;
			buildActionMask = 2147483647;
			files = (
				BFD94601244DC5EC0012785A /* iOSEngineerCodeCheckUITests.swift in Sources */,
			);
			runOnlyForDeploymentPostprocessing = 0;
		};
/* End PBXSourcesBuildPhase section */

/* Begin PBXTargetDependency section */
		BFD945F3244DC5EB0012785A /* PBXTargetDependency */ = {
			isa = PBXTargetDependency;
			target = BFD945DA244DC5E80012785A /* iOSEngineerCodeCheck */;
			targetProxy = BFD945F2244DC5EB0012785A /* PBXContainerItemProxy */;
		};
		BFD945FE244DC5EB0012785A /* PBXTargetDependency */ = {
			isa = PBXTargetDependency;
			target = BFD945DA244DC5E80012785A /* iOSEngineerCodeCheck */;
			targetProxy = BFD945FD244DC5EB0012785A /* PBXContainerItemProxy */;
		};
/* End PBXTargetDependency section */

/* Begin PBXVariantGroup section */
		BFD945E9244DC5EB0012785A /* LaunchScreen.storyboard */ = {
			isa = PBXVariantGroup;
			children = (
				BFD945EA244DC5EB0012785A /* Base */,
			);
			name = LaunchScreen.storyboard;
			sourceTree = "<group>";
		};
/* End PBXVariantGroup section */

/* Begin XCBuildConfiguration section */
		BFD94603244DC5EC0012785A /* Debug */ = {
			isa = XCBuildConfiguration;
			buildSettings = {
				ALWAYS_SEARCH_USER_PATHS = NO;
				CLANG_ANALYZER_NONNULL = YES;
				CLANG_ANALYZER_NUMBER_OBJECT_CONVERSION = YES_AGGRESSIVE;
				CLANG_CXX_LANGUAGE_STANDARD = "gnu++14";
				CLANG_CXX_LIBRARY = "libc++";
				CLANG_ENABLE_MODULES = YES;
				CLANG_ENABLE_OBJC_ARC = YES;
				CLANG_ENABLE_OBJC_WEAK = YES;
				CLANG_WARN_BLOCK_CAPTURE_AUTORELEASING = YES;
				CLANG_WARN_BOOL_CONVERSION = YES;
				CLANG_WARN_COMMA = YES;
				CLANG_WARN_CONSTANT_CONVERSION = YES;
				CLANG_WARN_DEPRECATED_OBJC_IMPLEMENTATIONS = YES;
				CLANG_WARN_DIRECT_OBJC_ISA_USAGE = YES_ERROR;
				CLANG_WARN_DOCUMENTATION_COMMENTS = YES;
				CLANG_WARN_EMPTY_BODY = YES;
				CLANG_WARN_ENUM_CONVERSION = YES;
				CLANG_WARN_INFINITE_RECURSION = YES;
				CLANG_WARN_INT_CONVERSION = YES;
				CLANG_WARN_NON_LITERAL_NULL_CONVERSION = YES;
				CLANG_WARN_OBJC_IMPLICIT_RETAIN_SELF = YES;
				CLANG_WARN_OBJC_LITERAL_CONVERSION = YES;
				CLANG_WARN_OBJC_ROOT_CLASS = YES_ERROR;
				CLANG_WARN_QUOTED_INCLUDE_IN_FRAMEWORK_HEADER = YES;
				CLANG_WARN_RANGE_LOOP_ANALYSIS = YES;
				CLANG_WARN_STRICT_PROTOTYPES = YES;
				CLANG_WARN_SUSPICIOUS_MOVE = YES;
				CLANG_WARN_UNGUARDED_AVAILABILITY = YES_AGGRESSIVE;
				CLANG_WARN_UNREACHABLE_CODE = YES;
				CLANG_WARN__DUPLICATE_METHOD_MATCH = YES;
				COPY_PHASE_STRIP = NO;
				DEBUG_INFORMATION_FORMAT = dwarf;
				ENABLE_STRICT_OBJC_MSGSEND = YES;
				ENABLE_TESTABILITY = YES;
				GCC_C_LANGUAGE_STANDARD = gnu11;
				GCC_DYNAMIC_NO_PIC = NO;
				GCC_NO_COMMON_BLOCKS = YES;
				GCC_OPTIMIZATION_LEVEL = 0;
				GCC_PREPROCESSOR_DEFINITIONS = (
					"DEBUG=1",
					"$(inherited)",
				);
				GCC_WARN_64_TO_32_BIT_CONVERSION = YES;
				GCC_WARN_ABOUT_RETURN_TYPE = YES_ERROR;
				GCC_WARN_UNDECLARED_SELECTOR = YES;
				GCC_WARN_UNINITIALIZED_AUTOS = YES_AGGRESSIVE;
				GCC_WARN_UNUSED_FUNCTION = YES;
				GCC_WARN_UNUSED_VARIABLE = YES;
				IPHONEOS_DEPLOYMENT_TARGET = 15.0;
				MTL_ENABLE_DEBUG_INFO = INCLUDE_SOURCE;
				MTL_FAST_MATH = YES;
				ONLY_ACTIVE_ARCH = YES;
				SDKROOT = iphoneos;
				SWIFT_ACTIVE_COMPILATION_CONDITIONS = DEBUG;
				SWIFT_OPTIMIZATION_LEVEL = "-Onone";
			};
			name = Debug;
		};
		BFD94604244DC5EC0012785A /* Release */ = {
			isa = XCBuildConfiguration;
			buildSettings = {
				ALWAYS_SEARCH_USER_PATHS = NO;
				CLANG_ANALYZER_NONNULL = YES;
				CLANG_ANALYZER_NUMBER_OBJECT_CONVERSION = YES_AGGRESSIVE;
				CLANG_CXX_LANGUAGE_STANDARD = "gnu++14";
				CLANG_CXX_LIBRARY = "libc++";
				CLANG_ENABLE_MODULES = YES;
				CLANG_ENABLE_OBJC_ARC = YES;
				CLANG_ENABLE_OBJC_WEAK = YES;
				CLANG_WARN_BLOCK_CAPTURE_AUTORELEASING = YES;
				CLANG_WARN_BOOL_CONVERSION = YES;
				CLANG_WARN_COMMA = YES;
				CLANG_WARN_CONSTANT_CONVERSION = YES;
				CLANG_WARN_DEPRECATED_OBJC_IMPLEMENTATIONS = YES;
				CLANG_WARN_DIRECT_OBJC_ISA_USAGE = YES_ERROR;
				CLANG_WARN_DOCUMENTATION_COMMENTS = YES;
				CLANG_WARN_EMPTY_BODY = YES;
				CLANG_WARN_ENUM_CONVERSION = YES;
				CLANG_WARN_INFINITE_RECURSION = YES;
				CLANG_WARN_INT_CONVERSION = YES;
				CLANG_WARN_NON_LITERAL_NULL_CONVERSION = YES;
				CLANG_WARN_OBJC_IMPLICIT_RETAIN_SELF = YES;
				CLANG_WARN_OBJC_LITERAL_CONVERSION = YES;
				CLANG_WARN_OBJC_ROOT_CLASS = YES_ERROR;
				CLANG_WARN_QUOTED_INCLUDE_IN_FRAMEWORK_HEADER = YES;
				CLANG_WARN_RANGE_LOOP_ANALYSIS = YES;
				CLANG_WARN_STRICT_PROTOTYPES = YES;
				CLANG_WARN_SUSPICIOUS_MOVE = YES;
				CLANG_WARN_UNGUARDED_AVAILABILITY = YES_AGGRESSIVE;
				CLANG_WARN_UNREACHABLE_CODE = YES;
				CLANG_WARN__DUPLICATE_METHOD_MATCH = YES;
				COPY_PHASE_STRIP = NO;
				DEBUG_INFORMATION_FORMAT = "dwarf-with-dsym";
				ENABLE_NS_ASSERTIONS = NO;
				ENABLE_STRICT_OBJC_MSGSEND = YES;
				GCC_C_LANGUAGE_STANDARD = gnu11;
				GCC_NO_COMMON_BLOCKS = YES;
				GCC_WARN_64_TO_32_BIT_CONVERSION = YES;
				GCC_WARN_ABOUT_RETURN_TYPE = YES_ERROR;
				GCC_WARN_UNDECLARED_SELECTOR = YES;
				GCC_WARN_UNINITIALIZED_AUTOS = YES_AGGRESSIVE;
				GCC_WARN_UNUSED_FUNCTION = YES;
				GCC_WARN_UNUSED_VARIABLE = YES;
				IPHONEOS_DEPLOYMENT_TARGET = 15.0;
				MTL_ENABLE_DEBUG_INFO = NO;
				MTL_FAST_MATH = YES;
				SDKROOT = iphoneos;
				SWIFT_COMPILATION_MODE = wholemodule;
				SWIFT_OPTIMIZATION_LEVEL = "-O";
				VALIDATE_PRODUCT = YES;
			};
			name = Release;
		};
		BFD94606244DC5EC0012785A /* Debug */ = {
			isa = XCBuildConfiguration;
			baseConfigurationReference = 119311C923F5BF1FDCC2A3DD /* Pods-iOSEngineerCodeCheck.debug.xcconfig */;
			buildSettings = {
				ASSETCATALOG_COMPILER_APPICON_NAME = AppIcon;
				CODE_SIGN_STYLE = Automatic;
				DEVELOPMENT_TEAM = "";
				INFOPLIST_FILE = iOSEngineerCodeCheck/Info.plist;
				LD_RUNPATH_SEARCH_PATHS = (
					"$(inherited)",
					"@executable_path/Frameworks",
				);
				PRODUCT_BUNDLE_IDENTIFIER = jp.yumemi.iOSEngineerCodeCheck;
				PRODUCT_NAME = "$(TARGET_NAME)";
				SWIFT_VERSION = 5.0;
				TARGETED_DEVICE_FAMILY = "1,2";
			};
			name = Debug;
		};
		BFD94607244DC5EC0012785A /* Release */ = {
			isa = XCBuildConfiguration;
			baseConfigurationReference = B56B75E6DA9E64041E05E72E /* Pods-iOSEngineerCodeCheck.release.xcconfig */;
			buildSettings = {
				ASSETCATALOG_COMPILER_APPICON_NAME = AppIcon;
				CODE_SIGN_STYLE = Automatic;
				DEVELOPMENT_TEAM = "";
				INFOPLIST_FILE = iOSEngineerCodeCheck/Info.plist;
				LD_RUNPATH_SEARCH_PATHS = (
					"$(inherited)",
					"@executable_path/Frameworks",
				);
				PRODUCT_BUNDLE_IDENTIFIER = jp.yumemi.iOSEngineerCodeCheck;
				PRODUCT_NAME = "$(TARGET_NAME)";
				SWIFT_VERSION = 5.0;
				TARGETED_DEVICE_FAMILY = "1,2";
			};
			name = Release;
		};
		BFD94609244DC5EC0012785A /* Debug */ = {
			isa = XCBuildConfiguration;
			baseConfigurationReference = 7E11ABE7ACD2E75070E07B93 /* Pods-iOSEngineerCodeCheckTests.debug.xcconfig */;
			buildSettings = {
				ALWAYS_EMBED_SWIFT_STANDARD_LIBRARIES = YES;
				BUNDLE_LOADER = "$(TEST_HOST)";
				CODE_SIGN_STYLE = Automatic;
				DEVELOPMENT_TEAM = S7G9J68NLX;
				INFOPLIST_FILE = iOSEngineerCodeCheckTests/Info.plist;
				LD_RUNPATH_SEARCH_PATHS = (
					"$(inherited)",
					"@executable_path/Frameworks",
					"@loader_path/Frameworks",
				);
				PRODUCT_BUNDLE_IDENTIFIER = jp.yumemi.iOSEngineerCodeCheckTests;
				PRODUCT_NAME = "$(TARGET_NAME)";
				SWIFT_VERSION = 5.0;
				TARGETED_DEVICE_FAMILY = "1,2";
				TEST_HOST = "$(BUILT_PRODUCTS_DIR)/iOSEngineerCodeCheck.app/iOSEngineerCodeCheck";
			};
			name = Debug;
		};
		BFD9460A244DC5EC0012785A /* Release */ = {
			isa = XCBuildConfiguration;
			baseConfigurationReference = 286AB1225CF0EDDD6EFD37DA /* Pods-iOSEngineerCodeCheckTests.release.xcconfig */;
			buildSettings = {
				ALWAYS_EMBED_SWIFT_STANDARD_LIBRARIES = YES;
				BUNDLE_LOADER = "$(TEST_HOST)";
				CODE_SIGN_STYLE = Automatic;
				DEVELOPMENT_TEAM = S7G9J68NLX;
				INFOPLIST_FILE = iOSEngineerCodeCheckTests/Info.plist;
				LD_RUNPATH_SEARCH_PATHS = (
					"$(inherited)",
					"@executable_path/Frameworks",
					"@loader_path/Frameworks",
				);
				PRODUCT_BUNDLE_IDENTIFIER = jp.yumemi.iOSEngineerCodeCheckTests;
				PRODUCT_NAME = "$(TARGET_NAME)";
				SWIFT_VERSION = 5.0;
				TARGETED_DEVICE_FAMILY = "1,2";
				TEST_HOST = "$(BUILT_PRODUCTS_DIR)/iOSEngineerCodeCheck.app/iOSEngineerCodeCheck";
			};
			name = Release;
		};
		BFD9460C244DC5EC0012785A /* Debug */ = {
			isa = XCBuildConfiguration;
			baseConfigurationReference = 9FD211120B17A7EBD1CC1AE9 /* Pods-iOSEngineerCodeCheck-iOSEngineerCodeCheckUITests.debug.xcconfig */;
			buildSettings = {
				ALWAYS_EMBED_SWIFT_STANDARD_LIBRARIES = YES;
				CODE_SIGN_STYLE = Automatic;
				DEVELOPMENT_TEAM = S7G9J68NLX;
				INFOPLIST_FILE = iOSEngineerCodeCheckUITests/Info.plist;
				LD_RUNPATH_SEARCH_PATHS = (
					"$(inherited)",
					"@executable_path/Frameworks",
					"@loader_path/Frameworks",
				);
				PRODUCT_BUNDLE_IDENTIFIER = jp.yumemi.iOSEngineerCodeCheckUITests;
				PRODUCT_NAME = "$(TARGET_NAME)";
				SWIFT_VERSION = 5.0;
				TARGETED_DEVICE_FAMILY = "1,2";
				TEST_TARGET_NAME = iOSEngineerCodeCheck;
			};
			name = Debug;
		};
		BFD9460D244DC5EC0012785A /* Release */ = {
			isa = XCBuildConfiguration;
			baseConfigurationReference = F9B1DE08EE6A718AA91A53D9 /* Pods-iOSEngineerCodeCheck-iOSEngineerCodeCheckUITests.release.xcconfig */;
			buildSettings = {
				ALWAYS_EMBED_SWIFT_STANDARD_LIBRARIES = YES;
				CODE_SIGN_STYLE = Automatic;
				DEVELOPMENT_TEAM = S7G9J68NLX;
				INFOPLIST_FILE = iOSEngineerCodeCheckUITests/Info.plist;
				LD_RUNPATH_SEARCH_PATHS = (
					"$(inherited)",
					"@executable_path/Frameworks",
					"@loader_path/Frameworks",
				);
				PRODUCT_BUNDLE_IDENTIFIER = jp.yumemi.iOSEngineerCodeCheckUITests;
				PRODUCT_NAME = "$(TARGET_NAME)";
				SWIFT_VERSION = 5.0;
				TARGETED_DEVICE_FAMILY = "1,2";
				TEST_TARGET_NAME = iOSEngineerCodeCheck;
			};
			name = Release;
		};
/* End XCBuildConfiguration section */

/* Begin XCConfigurationList section */
		BFD945D6244DC5E80012785A /* Build configuration list for PBXProject "iOSEngineerCodeCheck" */ = {
			isa = XCConfigurationList;
			buildConfigurations = (
				BFD94603244DC5EC0012785A /* Debug */,
				BFD94604244DC5EC0012785A /* Release */,
			);
			defaultConfigurationIsVisible = 0;
			defaultConfigurationName = Release;
		};
		BFD94605244DC5EC0012785A /* Build configuration list for PBXNativeTarget "iOSEngineerCodeCheck" */ = {
			isa = XCConfigurationList;
			buildConfigurations = (
				BFD94606244DC5EC0012785A /* Debug */,
				BFD94607244DC5EC0012785A /* Release */,
			);
			defaultConfigurationIsVisible = 0;
			defaultConfigurationName = Release;
		};
		BFD94608244DC5EC0012785A /* Build configuration list for PBXNativeTarget "iOSEngineerCodeCheckTests" */ = {
			isa = XCConfigurationList;
			buildConfigurations = (
				BFD94609244DC5EC0012785A /* Debug */,
				BFD9460A244DC5EC0012785A /* Release */,
			);
			defaultConfigurationIsVisible = 0;
			defaultConfigurationName = Release;
		};
		BFD9460B244DC5EC0012785A /* Build configuration list for PBXNativeTarget "iOSEngineerCodeCheckUITests" */ = {
			isa = XCConfigurationList;
			buildConfigurations = (
				BFD9460C244DC5EC0012785A /* Debug */,
				BFD9460D244DC5EC0012785A /* Release */,
			);
			defaultConfigurationIsVisible = 0;
			defaultConfigurationName = Release;
		};
/* End XCConfigurationList section */
	};
	rootObject = BFD945D3244DC5E80012785A /* Project object */;
}
